
Microsoft Visual Studio Solution File, Format Version 12.00
# Visual Studio Version 17
VisualStudioVersion = 17.14.37301.10
MinimumVisualStudioVersion = 10.0.40219.1
Project("{FAE04EC0-301F-11D3-BF4B-00C04F79EFBC}") = "WeatherForecastWeb", "WeatherForecastWeb\WeatherForecastWeb.csproj", "{AFF10392-0F8E-476C-8DF7-D9095BB77503}"
EndProject
Project("{FAE04EC0-301F-11D3-BF4B-00C04F79EFBC}") = "WeatherForecastWeb.BL", "WeatherForecastWeb.BL\WeatherForecastWeb.BL.csproj", "{550AB294-C35D-48FA-A9A6-4B7EE6238DA3}"
	ProjectSection(ProjectDependencies) = postProject
		{5A3FFB72-06E4-7DA0-C2CE-601E43D9F9F8} = {5A3FFB72-06E4-7DA0-C2CE-601E43D9F9F8}
	EndProjectSection
EndProject
Project("{FAE04EC0-301F-11D3-BF4B-00C04F79EFBC}") = "WeatherForecastWeb.API", "WeatherForecastWeb.App\WeatherForecastWeb.API.csproj", "{CCD2FB2A-951F-0354-AA9A-8F352D8D1041}"
EndProject
Project("{FAE04EC0-301F-11D3-BF4B-00C04F79EFBC}") = "WeatherForecastWeb.DAL", "WeatherForecastWeb.DAL\WeatherForecastWeb.DAL.csproj", "{5A3FFB72-06E4-7DA0-C2CE-601E43D9F9F8}"
EndProject
Global
	GlobalSection(SolutionConfigurationPlatforms) = preSolution
		Debug|Any CPU = Debug|Any CPU
		Release|Any CPU = Release|Any CPU
	EndGlobalSection
	GlobalSection(ProjectConfigurationPlatforms) = postSolution
		{AFF10392-0F8E-476C-8DF7-D9095BB77503}.Debug|Any CPU.ActiveCfg = Debug|Any CPU
		{AFF10392-0F8E-476C-8DF7-D9095BB77503}.Debug|Any CPU.Build.0 = Debug|Any CPU
		{AFF10392-0F8E-476C-8DF7-D9095BB77503}.Release|Any CPU.ActiveCfg = Release|Any CPU
		{AFF10392-0F8E-476C-8DF7-D9095BB77503}.Release|Any CPU.Build.0 = Release|Any CPU
		{550AB294-C35D-48FA-A9A6-4B7EE6238DA3}.Debug|Any CPU.ActiveCfg = Debug|Any CPU
		{550AB294-C35D-48FA-A9A6-4B7EE6238DA3}.Debug|Any CPU.Build.0 = Debug|Any CPU
		{550AB294-C35D-48FA-A9A6-4B7EE6238DA3}.Release|Any CPU.ActiveCfg = Release|Any CPU
		{550AB294-C35D-48FA-A9A6-4B7EE6238DA3}.Release|Any CPU.Build.0 = Release|Any CPU
		{CCD2FB2A-951F-0354-AA9A-8F352D8D1041}.Debug|Any CPU.ActiveCfg = Debug|Any CPU
		{CCD2FB2A-951F-0354-AA9A-8F352D8D1041}.Debug|Any CPU.Build.0 = Debug|Any CPU
		{CCD2FB2A-951F-0354-AA9A-8F352D8D1041}.Release|Any CPU.ActiveCfg = Release|Any CPU
		{CCD2FB2A-951F-0354-AA9A-8F352D8D1041}.Release|Any CPU.Build.0 = Release|Any CPU
		{5A3FFB72-06E4-7DA0-C2CE-601E43D9F9F8}.Debug|Any CPU.ActiveCfg = Debug|Any CPU
		{5A3FFB72-06E4-7DA0-C2CE-601E43D9F9F8}.Debug|Any CPU.Build.0 = Debug|Any CPU
		{5A3FFB72-06E4-7DA0-C2CE-601E43D9F9F8}.Release|Any CPU.ActiveCfg = Release|Any CPU
		{5A3FFB72-06E4-7DA0-C2CE-601E43D9F9F8}.Release|Any CPU.Build.0 = Release|Any CPU
	EndGlobalSection
	GlobalSection(SolutionProperties) = preSolution
		HideSolutionNode = FALSE
	EndGlobalSection
	GlobalSection(ExtensibilityGlobals) = postSolution
		SolutionGuid = {BE4E7967-275C-4C7E-B757-8525C47E3F19}
	EndGlobalSection
EndGlobal
